
Microsoft Visual Studio Solution File, Format Version 12.00
# Visual Studio 15
VisualStudioVersion = 15.0.26124.0
MinimumVisualStudioVersion = 15.0.26124.0
Project("{2150E333-8FDC-42A3-9474-1A3956D46DE8}") = "src", "src", "{45DCC797-314C-42E9-8F48-1F3F83957C62}"
EndProject
Project("{FAE04EC0-301F-11D3-BF4B-00C04F79EFBC}") = "GlueHome.Api", "src\GlueHome.Api\GlueHome.Api.csproj", "{AA3D7974-8F79-4EA7-BE78-4D71D4C1A8D4}"
EndProject
Project("{2150E333-8FDC-42A3-9474-1A3956D46DE8}") = "tests", "tests", "{9CEC90D9-454B-4785-AC7C-EB0033AAB783}"
EndProject
Project("{FAE04EC0-301F-11D3-BF4B-00C04F79EFBC}") = "GlueHome.Api.IntegrationTest", "tests\GlueHome.Api.IntegrationTest\GlueHome.Api.IntegrationTest.csproj", "{34F0A18D-D97A-43F1-A41F-59C130F5841F}"
EndProject
Project("{FAE04EC0-301F-11D3-BF4B-00C04F79EFBC}") = "GlueHome.Api.Test", "tests\GlueHome.Api.Test\GlueHome.Api.Test.csproj", "{FB42A3C2-F323-4C6E-AD71-4478E6C31D1E}"
EndProject
Global
	GlobalSection(SolutionConfigurationPlatforms) = preSolution
		Debug|Any CPU = Debug|Any CPU
		Debug|x64 = Debug|x64
		Debug|x86 = Debug|x86
		Release|Any CPU = Release|Any CPU
		Release|x64 = Release|x64
		Release|x86 = Release|x86
	EndGlobalSection
	GlobalSection(SolutionProperties) = preSolution
		HideSolutionNode = FALSE
	EndGlobalSection
	GlobalSection(ProjectConfigurationPlatforms) = postSolution
		{AA3D7974-8F79-4EA7-BE78-4D71D4C1A8D4}.Debug|Any CPU.ActiveCfg = Debug|Any CPU
		{AA3D7974-8F79-4EA7-BE78-4D71D4C1A8D4}.Debug|Any CPU.Build.0 = Debug|Any CPU
		{AA3D7974-8F79-4EA7-BE78-4D71D4C1A8D4}.Debug|x64.ActiveCfg = Debug|Any CPU
		{AA3D7974-8F79-4EA7-BE78-4D71D4C1A8D4}.Debug|x64.Build.0 = Debug|Any CPU
		{AA3D7974-8F79-4EA7-BE78-4D71D4C1A8D4}.Debug|x86.ActiveCfg = Debug|Any CPU
		{AA3D7974-8F79-4EA7-BE78-4D71D4C1A8D4}.Debug|x86.Build.0 = Debug|Any CPU
		{AA3D7974-8F79-4EA7-BE78-4D71D4C1A8D4}.Release|Any CPU.ActiveCfg = Release|Any CPU
		{AA3D7974-8F79-4EA7-BE78-4D71D4C1A8D4}.Release|Any CPU.Build.0 = Release|Any CPU
		{AA3D7974-8F79-4EA7-BE78-4D71D4C1A8D4}.Release|x64.ActiveCfg = Release|Any CPU
		{AA3D7974-8F79-4EA7-BE78-4D71D4C1A8D4}.Release|x64.Build.0 = Release|Any CPU
		{AA3D7974-8F79-4EA7-BE78-4D71D4C1A8D4}.Release|x86.ActiveCfg = Release|Any CPU
		{AA3D7974-8F79-4EA7-BE78-4D71D4C1A8D4}.Release|x86.Build.0 = Release|Any CPU
		{34F0A18D-D97A-43F1-A41F-59C130F5841F}.Debug|Any CPU.ActiveCfg = Debug|Any CPU
		{34F0A18D-D97A-43F1-A41F-59C130F5841F}.Debug|Any CPU.Build.0 = Debug|Any CPU
		{34F0A18D-D97A-43F1-A41F-59C130F5841F}.Debug|x64.ActiveCfg = Debug|Any CPU
		{34F0A18D-D97A-43F1-A41F-59C130F5841F}.Debug|x64.Build.0 = Debug|Any CPU
		{34F0A18D-D97A-43F1-A41F-59C130F5841F}.Debug|x86.ActiveCfg = Debug|Any CPU
		{34F0A18D-D97A-43F1-A41F-59C130F5841F}.Debug|x86.Build.0 = Debug|Any CPU
		{34F0A18D-D97A-43F1-A41F-59C130F5841F}.Release|Any CPU.ActiveCfg = Release|Any CPU
		{34F0A18D-D97A-43F1-A41F-59C130F5841F}.Release|Any CPU.Build.0 = Release|Any CPU
		{34F0A18D-D97A-43F1-A41F-59C130F5841F}.Release|x64.ActiveCfg = Release|Any CPU
		{34F0A18D-D97A-43F1-A41F-59C130F5841F}.Release|x64.Build.0 = Release|Any CPU
		{34F0A18D-D97A-43F1-A41F-59C130F5841F}.Release|x86.ActiveCfg = Release|Any CPU
		{34F0A18D-D97A-43F1-A41F-59C130F5841F}.Release|x86.Build.0 = Release|Any CPU
		{FB42A3C2-F323-4C6E-AD71-4478E6C31D1E}.Debug|Any CPU.ActiveCfg = Debug|Any CPU
		{FB42A3C2-F323-4C6E-AD71-4478E6C31D1E}.Debug|Any CPU.Build.0 = Debug|Any CPU
		{FB42A3C2-F323-4C6E-AD71-4478E6C31D1E}.Debug|x64.ActiveCfg = Debug|Any CPU
		{FB42A3C2-F323-4C6E-AD71-4478E6C31D1E}.Debug|x64.Build.0 = Debug|Any CPU
		{FB42A3C2-F323-4C6E-AD71-4478E6C31D1E}.Debug|x86.ActiveCfg = Debug|Any CPU
		{FB42A3C2-F323-4C6E-AD71-4478E6C31D1E}.Debug|x86.Build.0 = Debug|Any CPU
		{FB42A3C2-F323-4C6E-AD71-4478E6C31D1E}.Release|Any CPU.ActiveCfg = Release|Any CPU
		{FB42A3C2-F323-4C6E-AD71-4478E6C31D1E}.Release|Any CPU.Build.0 = Release|Any CPU
		{FB42A3C2-F323-4C6E-AD71-4478E6C31D1E}.Release|x64.ActiveCfg = Release|Any CPU
		{FB42A3C2-F323-4C6E-AD71-4478E6C31D1E}.Release|x64.Build.0 = Release|Any CPU
		{FB42A3C2-F323-4C6E-AD71-4478E6C31D1E}.Release|x86.ActiveCfg = Release|Any CPU
		{FB42A3C2-F323-4C6E-AD71-4478E6C31D1E}.Release|x86.Build.0 = Release|Any CPU
	EndGlobalSection
	GlobalSection(NestedProjects) = preSolution
		{AA3D7974-8F79-4EA7-BE78-4D71D4C1A8D4} = {45DCC797-314C-42E9-8F48-1F3F83957C62}
		{34F0A18D-D97A-43F1-A41F-59C130F5841F} = {9CEC90D9-454B-4785-AC7C-EB0033AAB783}
		{FB42A3C2-F323-4C6E-AD71-4478E6C31D1E} = {9CEC90D9-454B-4785-AC7C-EB0033AAB783}
	EndGlobalSection
EndGlobal
